
Microsoft Visual Studio Solution File, Format Version 12.00
# Visual Studio 15
VisualStudioVersion = 15.0.27130.2036
MinimumVisualStudioVersion = 10.0.40219.1
Project("{888888A0-9F3D-457C-B088-3A5042F75D52}") = "combat", "combat\combat.pyproj", "{00DCAC5C-A4B2-4C01-88DC-BCB2891D1244}"
EndProject
Global
	GlobalSection(SolutionConfigurationPlatforms) = preSolution
		Debug|Any CPU = Debug|Any CPU
		Release|Any CPU = Release|Any CPU
	EndGlobalSection
	GlobalSection(ProjectConfigurationPlatforms) = postSolution
		{00DCAC5C-A4B2-4C01-88DC-BCB2891D1244}.Debug|Any CPU.ActiveCfg = Debug|Any CPU
		{00DCAC5C-A4B2-4C01-88DC-BCB2891D1244}.Release|Any CPU.ActiveCfg = Release|Any CPU
	EndGlobalSection
	GlobalSection(SolutionProperties) = preSolution
		HideSolutionNode = FALSE
	EndGlobalSection
	GlobalSection(ExtensibilityGlobals) = postSolution
		SolutionGuid = {2A96F8C3-2C8C-4632-90F6-79BF44B73A42}
	EndGlobalSection
EndGlobal
